
Microsoft Visual Studio Solution File, Format Version 12.00
# Visual Studio Version 17
VisualStudioVersion = 17.14.36518.9
MinimumVisualStudioVersion = 10.0.40219.1
Project("{2150E333-8FDC-42A3-9474-1A3956D46DE8}") = "Task0", "Task0", "{02EA681E-C7D8-13C7-8484-4AC65E1B71E8}"
EndProject
Project("{FAE04EC0-301F-11D3-BF4B-00C04F79EFBC}") = "Tyuiu.MamatkulovFO.Sprint4.Task0.V23", "Tyuiu.MamatkulovFO.Sprint4.Task0.V23\Tyuiu.MamatkulovFO.Sprint4.Task0.V23.csproj", "{45CB14E1-3459-4F75-B571-BE7F09312613}"
EndProject
Project("{FAE04EC0-301F-11D3-BF4B-00C04F79EFBC}") = "Tyuiu.MamatkulovFO.Sprint4.Task0.V23.Lib", "Tyuiu.MamatkulovFO.Sprint4.Task0.V23.Lib\Tyuiu.MamatkulovFO.Sprint4.Task0.V23.Lib.csproj", "{6C1CA216-615D-40BE-BACF-636657EBDCC2}"
EndProject
Project("{FAE04EC0-301F-11D3-BF4B-00C04F79EFBC}") = "Tyuiu.MamatkulovFO.Sprint4.Task0.V23.Test", "Tyuiu.MamatkulovFO.Sprint4.Task0.V23.Test\Tyuiu.MamatkulovFO.Sprint4.Task0.V23.Test.csproj", "{AF925F00-E72F-41B8-A08C-24C834125EA3}"
EndProject
Project("{2150E333-8FDC-42A3-9474-1A3956D46DE8}") = "Task2", "Task2", "{8751D300-B6C3-4FEF-8FF2-A285A11981F3}"
EndProject
Project("{FAE04EC0-301F-11D3-BF4B-00C04F79EFBC}") = "Tyuiu.MamatkulovFO.Sprint4.Task2.V29", "Tyuiu.MamatkulovFO.Sprint4.Task2.V29\Tyuiu.MamatkulovFO.Sprint4.Task2.V29.csproj", "{0D7785F4-62B2-47D8-9ABF-99783560580D}"
EndProject
Project("{FAE04EC0-301F-11D3-BF4B-00C04F79EFBC}") = "Tyuiu.MamatkulovFO.Sprint4.Task2.V29.Lib", "Tyuiu.MamatkulovFO.Sprint4.Task2.V29.Lib\Tyuiu.MamatkulovFO.Sprint4.Task2.V29.Lib.csproj", "{816A72D7-F15C-4854-ADBA-376FC6CEA620}"
EndProject
Project("{FAE04EC0-301F-11D3-BF4B-00C04F79EFBC}") = "Tyuiu.MamatkulovFO.Sprint4.Task2.V29.Test", "Tyuiu.MamatkulovFO.Sprint4.Task2.V29.Test\Tyuiu.MamatkulovFO.Sprint4.Task2.V29.Test.csproj", "{51DE5F32-070E-4FE8-9F43-947A89F195C3}"
EndProject
Project("{2150E333-8FDC-42A3-9474-1A3956D46DE8}") = "Task3", "Task3", "{AC373872-FDE4-4601-A6B7-4268805C45C1}"
EndProject
Project("{FAE04EC0-301F-11D3-BF4B-00C04F79EFBC}") = "Tyuiu.MamatkulovFO.Sprint4.Task3.V8", "Tyuiu.MamatkulovFO.Sprint4.Task3.V8\Tyuiu.MamatkulovFO.Sprint4.Task3.V8.csproj", "{281F4820-975A-4C84-A54E-471E9C1E9642}"
EndProject
Project("{FAE04EC0-301F-11D3-BF4B-00C04F79EFBC}") = "Tyuiu.MamatkulovFO.Sprint4.Task3.V8.Lib", "Tyuiu.MamatkulovFO.Sprint4.Task3.V8.Lib\Tyuiu.MamatkulovFO.Sprint4.Task3.V8.Lib.csproj", "{76EECC4A-DEA0-4A3D-90E7-5E76AAF75752}"
EndProject
Project("{FAE04EC0-301F-11D3-BF4B-00C04F79EFBC}") = "Tyuiu.MamatkulovFO.Sprint4.Task3.V8.Test", "Tyuiu.MamatkulovFO.Sprint4.Task3.V8.Test\Tyuiu.MamatkulovFO.Sprint4.Task3.V8.Test.csproj", "{5331E80D-D069-4981-B4B8-0D3E9BDD16E9}"
EndProject
Project("{2150E333-8FDC-42A3-9474-1A3956D46DE8}") = "Task4", "Task4", "{FF2F2BE2-CCE5-4D92-9834-A1A3F734938F}"
EndProject
Project("{FAE04EC0-301F-11D3-BF4B-00C04F79EFBC}") = "Tyuiu.MamatkulovFO.Sprint4.Task4.V10", "Tyuiu.MamatkulovFO.Sprint4.Task4.V10\Tyuiu.MamatkulovFO.Sprint4.Task4.V10.csproj", "{3EBF231E-C5E2-4894-81F9-89BDF8A90E3D}"
EndProject
Project("{FAE04EC0-301F-11D3-BF4B-00C04F79EFBC}") = "Tyuiu.MamatkulovFO.Sprint4.Task4.V10.Lib", "Tyuiu.MamatkulovFO.Sprint4.Task4.V10.Lib\Tyuiu.MamatkulovFO.Sprint4.Task4.V10.Lib.csproj", "{0B45579B-CAF3-4032-820C-C38482F807B6}"
EndProject
Project("{FAE04EC0-301F-11D3-BF4B-00C04F79EFBC}") = "Tyuiu.MamatkulovFO.Sprint4.Task4.V10.Test", "Tyuiu.MamatkulovFO.Sprint4.Task4.V10.Test\Tyuiu.MamatkulovFO.Sprint4.Task4.V10.Test.csproj", "{D601800A-0ED5-474F-A958-B1DFBB508084}"
EndProject
Project("{2150E333-8FDC-42A3-9474-1A3956D46DE8}") = "Task5", "Task5", "{22B6580B-8D90-43CE-9F9D-0CEA3DBD4123}"
EndProject
Project("{FAE04EC0-301F-11D3-BF4B-00C04F79EFBC}") = "Tyuiu.MamatkulovFO.Sprint4.Task5.V30", "Tyuiu.MamatkulovFO.Sprint4.Task5.V30\Tyuiu.MamatkulovFO.Sprint4.Task5.V30.csproj", "{4A85BB2F-BF3B-4BC6-A0E6-6E02B03A8793}"
EndProject
Project("{FAE04EC0-301F-11D3-BF4B-00C04F79EFBC}") = "Tyuiu.MamatkulovFO.Sprint4.Task5.V30.Lib", "Tyuiu.MamatkulovFO.Sprint4.Task5.V30.Lib\Tyuiu.MamatkulovFO.Sprint4.Task5.V30.Lib.csproj", "{5F39EB7D-E841-4670-A8D2-F1DEA7D3686A}"
EndProject
Project("{FAE04EC0-301F-11D3-BF4B-00C04F79EFBC}") = "Tyuiu.MamatkulovFO.Sprint4.Task5.V30.Test", "Tyuiu.MamatkulovFO.Sprint4.Task5.V30.Test\Tyuiu.MamatkulovFO.Sprint4.Task5.V30.Test.csproj", "{B528D016-F21D-442A-941B-0FC9B11F9AE5}"
EndProject
Project("{2150E333-8FDC-42A3-9474-1A3956D46DE8}") = "Task6", "Task6", "{32C26D16-390E-44C9-BAD9-85B7DDADD94B}"
EndProject
Project("{FAE04EC0-301F-11D3-BF4B-00C04F79EFBC}") = "Tyuiu.MamatkulovFO.Sprint4.Task6.V27", "Tyuiu.MamatkulovFO.Sprint4.Task6.V27\Tyuiu.MamatkulovFO.Sprint4.Task6.V27.csproj", "{7D1864C4-0D29-47FC-8EBE-4E60C058D521}"
EndProject
Project("{FAE04EC0-301F-11D3-BF4B-00C04F79EFBC}") = "Tyuiu.MamatkulovFO.Sprint4.Task6.V27.Lib", "Tyuiu.MamatkulovFO.Sprint4.Task6.V27.Lib\Tyuiu.MamatkulovFO.Sprint4.Task6.V27.Lib.csproj", "{3076FDC1-3339-4699-A88A-6B7DD091FC55}"
EndProject
Project("{FAE04EC0-301F-11D3-BF4B-00C04F79EFBC}") = "Tyuiu.MamatkulovFO.Sprint4.Task6.V27.Test", "Tyuiu.MamatkulovFO.Sprint4.Task6.V27.Test\Tyuiu.MamatkulovFO.Sprint4.Task6.V27.Test.csproj", "{137FAB7D-DCAD-4EF0-88B5-8E1B8DD7E8D5}"
EndProject
Project("{2150E333-8FDC-42A3-9474-1A3956D46DE8}") = "Task7", "Task7", "{EDF944EC-CF67-4582-B19C-E0E707466CE5}"
EndProject
Project("{FAE04EC0-301F-11D3-BF4B-00C04F79EFBC}") = "Tyuiu.MamatkulovFO.Sprint4.Task7.V1", "Tyuiu.MamatkulovFO.Sprint4.Task7.V1\Tyuiu.MamatkulovFO.Sprint4.Task7.V1.csproj", "{7CE017D0-1764-4632-AF66-48A8CB50872F}"
EndProject
Project("{FAE04EC0-301F-11D3-BF4B-00C04F79EFBC}") = "Tyuiu.MamatkulovFO.Sprint4.Task7.V1.Lib", "Tyuiu.MamatkulovFO.Sprint4.Task7.V1.Lib\Tyuiu.MamatkulovFO.Sprint4.Task7.V1.Lib.csproj", "{D799FF97-727F-4118-9A7E-2F2DED1E657C}"
EndProject
Project("{FAE04EC0-301F-11D3-BF4B-00C04F79EFBC}") = "Tyuiu.MamatkulovFO.Sprint4.Task7.V1.Test", "Tyuiu.MamatkulovFO.Sprint4.Task7.V1.Test\Tyuiu.MamatkulovFO.Sprint4.Task7.V1.Test.csproj", "{963EEFC1-1D4A-4FCB-AC8B-ECEF5667A74B}"
EndProject
Project("{2150E333-8FDC-42A3-9474-1A3956D46DE8}") = "Task1", "Task1", "{16460186-83A9-495F-8E9E-43E96138010F}"
EndProject
Project("{FAE04EC0-301F-11D3-BF4B-00C04F79EFBC}") = "Tyuiu.MamatkulovFO.Sprint4.Task7.V22", "Tyuiu.MamatkulovFO.Sprint4.Task7.V22\Tyuiu.MamatkulovFO.Sprint4.Task7.V22.csproj", "{B6F244D1-07B9-4B5B-B01D-D303F6112DE9}"
EndProject
Project("{FAE04EC0-301F-11D3-BF4B-00C04F79EFBC}") = "Tyuiu.MamatkulovFO.Sprint4.Task7.V22.Lib", "Tyuiu.MamatkulovFO.Sprint4.Task7.V22.Lib\Tyuiu.MamatkulovFO.Sprint4.Task7.V22.Lib.csproj", "{177FF80B-B1E1-470E-AC26-5239D5F8F111}"
EndProject
Project("{FAE04EC0-301F-11D3-BF4B-00C04F79EFBC}") = "Tyuiu.MamatkulovFO.Sprint4.Task7.V22.Test", "Tyuiu.MamatkulovFO.Sprint4.Task7.V22.Test\Tyuiu.MamatkulovFO.Sprint4.Task7.V22.Test.csproj", "{6C67C8D4-5F0F-424D-BD85-A5919302BC78}"
EndProject
Global
	GlobalSection(SolutionConfigurationPlatforms) = preSolution
		Debug|Any CPU = Debug|Any CPU
		Release|Any CPU = Release|Any CPU
	EndGlobalSection
	GlobalSection(ProjectConfigurationPlatforms) = postSolution
		{45CB14E1-3459-4F75-B571-BE7F09312613}.Debug|Any CPU.ActiveCfg = Debug|Any CPU
		{45CB14E1-3459-4F75-B571-BE7F09312613}.Debug|Any CPU.Build.0 = Debug|Any CPU
		{45CB14E1-3459-4F75-B571-BE7F09312613}.Release|Any CPU.ActiveCfg = Release|Any CPU
		{45CB14E1-3459-4F75-B571-BE7F09312613}.Release|Any CPU.Build.0 = Release|Any CPU
		{6C1CA216-615D-40BE-BACF-636657EBDCC2}.Debug|Any CPU.ActiveCfg = Debug|Any CPU
		{6C1CA216-615D-40BE-BACF-636657EBDCC2}.Debug|Any CPU.Build.0 = Debug|Any CPU
		{6C1CA216-615D-40BE-BACF-636657EBDCC2}.Release|Any CPU.ActiveCfg = Release|Any CPU
		{6C1CA216-615D-40BE-BACF-636657EBDCC2}.Release|Any CPU.Build.0 = Release|Any CPU
		{AF925F00-E72F-41B8-A08C-24C834125EA3}.Debug|Any CPU.ActiveCfg = Debug|Any CPU
		{AF925F00-E72F-41B8-A08C-24C834125EA3}.Debug|Any CPU.Build.0 = Debug|Any CPU
		{AF925F00-E72F-41B8-A08C-24C834125EA3}.Release|Any CPU.ActiveCfg = Release|Any CPU
		{AF925F00-E72F-41B8-A08C-24C834125EA3}.Release|Any CPU.Build.0 = Release|Any CPU
		{0D7785F4-62B2-47D8-9ABF-99783560580D}.Debug|Any CPU.ActiveCfg = Debug|Any CPU
		{0D7785F4-62B2-47D8-9ABF-99783560580D}.Debug|Any CPU.Build.0 = Debug|Any CPU
		{0D7785F4-62B2-47D8-9ABF-99783560580D}.Release|Any CPU.ActiveCfg = Release|Any CPU
		{0D7785F4-62B2-47D8-9ABF-99783560580D}.Release|Any CPU.Build.0 = Release|Any CPU
		{816A72D7-F15C-4854-ADBA-376FC6CEA620}.Debug|Any CPU.ActiveCfg = Debug|Any CPU
		{816A72D7-F15C-4854-ADBA-376FC6CEA620}.Debug|Any CPU.Build.0 = Debug|Any CPU
		{816A72D7-F15C-4854-ADBA-376FC6CEA620}.Release|Any CPU.ActiveCfg = Release|Any CPU
		{816A72D7-F15C-4854-ADBA-376FC6CEA620}.Release|Any CPU.Build.0 = Release|Any CPU
		{51DE5F32-070E-4FE8-9F43-947A89F195C3}.Debug|Any CPU.ActiveCfg = Debug|Any CPU
		{51DE5F32-070E-4FE8-9F43-947A89F195C3}.Debug|Any CPU.Build.0 = Debug|Any CPU
		{51DE5F32-070E-4FE8-9F43-947A89F195C3}.Release|Any CPU.ActiveCfg = Release|Any CPU
		{51DE5F32-070E-4FE8-9F43-947A89F195C3}.Release|Any CPU.Build.0 = Release|Any CPU
		{281F4820-975A-4C84-A54E-471E9C1E9642}.Debug|Any CPU.ActiveCfg = Debug|Any CPU
		{281F4820-975A-4C84-A54E-471E9C1E9642}.Debug|Any CPU.Build.0 = Debug|Any CPU
		{281F4820-975A-4C84-A54E-471E9C1E9642}.Release|Any CPU.ActiveCfg = Release|Any CPU
		{281F4820-975A-4C84-A54E-471E9C1E9642}.Release|Any CPU.Build.0 = Release|Any CPU
		{76EECC4A-DEA0-4A3D-90E7-5E76AAF75752}.Debug|Any CPU.ActiveCfg = Debug|Any CPU
		{76EECC4A-DEA0-4A3D-90E7-5E76AAF75752}.Debug|Any CPU.Build.0 = Debug|Any CPU
		{76EECC4A-DEA0-4A3D-90E7-5E76AAF75752}.Release|Any CPU.ActiveCfg = Release|Any CPU
		{76EECC4A-DEA0-4A3D-90E7-5E76AAF75752}.Release|Any CPU.Build.0 = Release|Any CPU
		{5331E80D-D069-4981-B4B8-0D3E9BDD16E9}.Debug|Any CPU.ActiveCfg = Debug|Any CPU
		{5331E80D-D069-4981-B4B8-0D3E9BDD16E9}.Debug|Any CPU.Build.0 = Debug|Any CPU
		{5331E80D-D069-4981-B4B8-0D3E9BDD16E9}.Release|Any CPU.ActiveCfg = Release|Any CPU
		{5331E80D-D069-4981-B4B8-0D3E9BDD16E9}.Release|Any CPU.Build.0 = Release|Any CPU
		{3EBF231E-C5E2-4894-81F9-89BDF8A90E3D}.Debug|Any CPU.ActiveCfg = Debug|Any CPU
		{3EBF231E-C5E2-4894-81F9-89BDF8A90E3D}.Debug|Any CPU.Build.0 = Debug|Any CPU
		{3EBF231E-C5E2-4894-81F9-89BDF8A90E3D}.Release|Any CPU.ActiveCfg = Release|Any CPU
		{3EBF231E-C5E2-4894-81F9-89BDF8A90E3D}.Release|Any CPU.Build.0 = Release|Any CPU
		{0B45579B-CAF3-4032-820C-C38482F807B6}.Debug|Any CPU.ActiveCfg = Debug|Any CPU
		{0B45579B-CAF3-4032-820C-C38482F807B6}.Debug|Any CPU.Build.0 = Debug|Any CPU
		{0B45579B-CAF3-4032-820C-C38482F807B6}.Release|Any CPU.ActiveCfg = Release|Any CPU
		{0B45579B-CAF3-4032-820C-C38482F807B6}.Release|Any CPU.Build.0 = Release|Any CPU
		{D601800A-0ED5-474F-A958-B1DFBB508084}.Debug|Any CPU.ActiveCfg = Debug|Any CPU
		{D601800A-0ED5-474F-A958-B1DFBB508084}.Debug|Any CPU.Build.0 = Debug|Any CPU
		{D601800A-0ED5-474F-A958-B1DFBB508084}.Release|Any CPU.ActiveCfg = Release|Any CPU
		{D601800A-0ED5-474F-A958-B1DFBB508084}.Release|Any CPU.Build.0 = Release|Any CPU
		{4A85BB2F-BF3B-4BC6-A0E6-6E02B03A8793}.Debug|Any CPU.ActiveCfg = Debug|Any CPU
		{4A85BB2F-BF3B-4BC6-A0E6-6E02B03A8793}.Debug|Any CPU.Build.0 = Debug|Any CPU
		{4A85BB2F-BF3B-4BC6-A0E6-6E02B03A8793}.Release|Any CPU.ActiveCfg = Release|Any CPU
		{4A85BB2F-BF3B-4BC6-A0E6-6E02B03A8793}.Release|Any CPU.Build.0 = Release|Any CPU
		{5F39EB7D-E841-4670-A8D2-F1DEA7D3686A}.Debug|Any CPU.ActiveCfg = Debug|Any CPU
		{5F39EB7D-E841-4670-A8D2-F1DEA7D3686A}.Debug|Any CPU.Build.0 = Debug|Any CPU
		{5F39EB7D-E841-4670-A8D2-F1DEA7D3686A}.Release|Any CPU.ActiveCfg = Release|Any CPU
		{5F39EB7D-E841-4670-A8D2-F1DEA7D3686A}.Release|Any CPU.Build.0 = Release|Any CPU
		{B528D016-F21D-442A-941B-0FC9B11F9AE5}.Debug|Any CPU.ActiveCfg = Debug|Any CPU
		{B528D016-F21D-442A-941B-0FC9B11F9AE5}.Debug|Any CPU.Build.0 = Debug|Any CPU
		{B528D016-F21D-442A-941B-0FC9B11F9AE5}.Release|Any CPU.ActiveCfg = Release|Any CPU
		{B528D016-F21D-442A-941B-0FC9B11F9AE5}.Release|Any CPU.Build.0 = Release|Any CPU
		{7D1864C4-0D29-47FC-8EBE-4E60C058D521}.Debug|Any CPU.ActiveCfg = Debug|Any CPU
		{7D1864C4-0D29-47FC-8EBE-4E60C058D521}.Debug|Any CPU.Build.0 = Debug|Any CPU
		{7D1864C4-0D29-47FC-8EBE-4E60C058D521}.Release|Any CPU.ActiveCfg = Release|Any CPU
		{7D1864C4-0D29-47FC-8EBE-4E60C058D521}.Release|Any CPU.Build.0 = Release|Any CPU
		{3076FDC1-3339-4699-A88A-6B7DD091FC55}.Debug|Any CPU.ActiveCfg = Debug|Any CPU
		{3076FDC1-3339-4699-A88A-6B7DD091FC55}.Debug|Any CPU.Build.0 = Debug|Any CPU
		{3076FDC1-3339-4699-A88A-6B7DD091FC55}.Release|Any CPU.ActiveCfg = Release|Any CPU
		{3076FDC1-3339-4699-A88A-6B7DD091FC55}.Release|Any CPU.Build.0 = Release|Any CPU
		{137FAB7D-DCAD-4EF0-88B5-8E1B8DD7E8D5}.Debug|Any CPU.ActiveCfg = Debug|Any CPU
		{137FAB7D-DCAD-4EF0-88B5-8E1B8DD7E8D5}.Debug|Any CPU.Build.0 = Debug|Any CPU
		{137FAB7D-DCAD-4EF0-88B5-8E1B8DD7E8D5}.Release|Any CPU.ActiveCfg = Release|Any CPU
		{137FAB7D-DCAD-4EF0-88B5-8E1B8DD7E8D5}.Release|Any CPU.Build.0 = Release|Any CPU
		{7CE017D0-1764-4632-AF66-48A8CB50872F}.Debug|Any CPU.ActiveCfg = Debug|Any CPU
		{7CE017D0-1764-4632-AF66-48A8CB50872F}.Debug|Any CPU.Build.0 = Debug|Any CPU
		{7CE017D0-1764-4632-AF66-48A8CB50872F}.Release|Any CPU.ActiveCfg = Release|Any CPU
		{7CE017D0-1764-4632-AF66-48A8CB50872F}.Release|Any CPU.Build.0 = Release|Any CPU
		{D799FF97-727F-4118-9A7E-2F2DED1E657C}.Debug|Any CPU.ActiveCfg = Debug|Any CPU
		{D799FF97-727F-4118-9A7E-2F2DED1E657C}.Debug|Any CPU.Build.0 = Debug|Any CPU
		{D799FF97-727F-4118-9A7E-2F2DED1E657C}.Release|Any CPU.ActiveCfg = Release|Any CPU
		{D799FF97-727F-4118-9A7E-2F2DED1E657C}.Release|Any CPU.Build.0 = Release|Any CPU
		{963EEFC1-1D4A-4FCB-AC8B-ECEF5667A74B}.Debug|Any CPU.ActiveCfg = Debug|Any CPU
		{963EEFC1-1D4A-4FCB-AC8B-ECEF5667A74B}.Debug|Any CPU.Build.0 = Debug|Any CPU
		{963EEFC1-1D4A-4FCB-AC8B-ECEF5667A74B}.Release|Any CPU.ActiveCfg = Release|Any CPU
		{963EEFC1-1D4A-4FCB-AC8B-ECEF5667A74B}.Release|Any CPU.Build.0 = Release|Any CPU
		{B6F244D1-07B9-4B5B-B01D-D303F6112DE9}.Debug|Any CPU.ActiveCfg = Debug|Any CPU
		{B6F244D1-07B9-4B5B-B01D-D303F6112DE9}.Debug|Any CPU.Build.0 = Debug|Any CPU
		{B6F244D1-07B9-4B5B-B01D-D303F6112DE9}.Release|Any CPU.ActiveCfg = Release|Any CPU
		{B6F244D1-07B9-4B5B-B01D-D303F6112DE9}.Release|Any CPU.Build.0 = Release|Any CPU
		{177FF80B-B1E1-470E-AC26-5239D5F8F111}.Debug|Any CPU.ActiveCfg = Debug|Any CPU
		{177FF80B-B1E1-470E-AC26-5239D5F8F111}.Debug|Any CPU.Build.0 = Debug|Any CPU
		{177FF80B-B1E1-470E-AC26-5239D5F8F111}.Release|Any CPU.ActiveCfg = Release|Any CPU
		{177FF80B-B1E1-470E-AC26-5239D5F8F111}.Release|Any CPU.Build.0 = Release|Any CPU
		{6C67C8D4-5F0F-424D-BD85-A5919302BC78}.Debug|Any CPU.ActiveCfg = Debug|Any CPU
		{6C67C8D4-5F0F-424D-BD85-A5919302BC78}.Debug|Any CPU.Build.0 = Debug|Any CPU
		{6C67C8D4-5F0F-424D-BD85-A5919302BC78}.Release|Any CPU.ActiveCfg = Release|Any CPU
		{6C67C8D4-5F0F-424D-BD85-A5919302BC78}.Release|Any CPU.Build.0 = Release|Any CPU
	EndGlobalSection
	GlobalSection(SolutionProperties) = preSolution
		HideSolutionNode = FALSE
	EndGlobalSection
	GlobalSection(NestedProjects) = preSolution
		{45CB14E1-3459-4F75-B571-BE7F09312613} = {02EA681E-C7D8-13C7-8484-4AC65E1B71E8}
		{6C1CA216-615D-40BE-BACF-636657EBDCC2} = {02EA681E-C7D8-13C7-8484-4AC65E1B71E8}
		{AF925F00-E72F-41B8-A08C-24C834125EA3} = {02EA681E-C7D8-13C7-8484-4AC65E1B71E8}
		{0D7785F4-62B2-47D8-9ABF-99783560580D} = {8751D300-B6C3-4FEF-8FF2-A285A11981F3}
		{816A72D7-F15C-4854-ADBA-376FC6CEA620} = {8751D300-B6C3-4FEF-8FF2-A285A11981F3}
		{51DE5F32-070E-4FE8-9F43-947A89F195C3} = {8751D300-B6C3-4FEF-8FF2-A285A11981F3}
		{281F4820-975A-4C84-A54E-471E9C1E9642} = {AC373872-FDE4-4601-A6B7-4268805C45C1}
		{76EECC4A-DEA0-4A3D-90E7-5E76AAF75752} = {AC373872-FDE4-4601-A6B7-4268805C45C1}
		{5331E80D-D069-4981-B4B8-0D3E9BDD16E9} = {AC373872-FDE4-4601-A6B7-4268805C45C1}
		{3EBF231E-C5E2-4894-81F9-89BDF8A90E3D} = {FF2F2BE2-CCE5-4D92-9834-A1A3F734938F}
		{0B45579B-CAF3-4032-820C-C38482F807B6} = {FF2F2BE2-CCE5-4D92-9834-A1A3F734938F}
		{D601800A-0ED5-474F-A958-B1DFBB508084} = {FF2F2BE2-CCE5-4D92-9834-A1A3F734938F}
		{4A85BB2F-BF3B-4BC6-A0E6-6E02B03A8793} = {22B6580B-8D90-43CE-9F9D-0CEA3DBD4123}
		{5F39EB7D-E841-4670-A8D2-F1DEA7D3686A} = {22B6580B-8D90-43CE-9F9D-0CEA3DBD4123}
		{B528D016-F21D-442A-941B-0FC9B11F9AE5} = {22B6580B-8D90-43CE-9F9D-0CEA3DBD4123}
		{7D1864C4-0D29-47FC-8EBE-4E60C058D521} = {32C26D16-390E-44C9-BAD9-85B7DDADD94B}
		{3076FDC1-3339-4699-A88A-6B7DD091FC55} = {32C26D16-390E-44C9-BAD9-85B7DDADD94B}
		{137FAB7D-DCAD-4EF0-88B5-8E1B8DD7E8D5} = {32C26D16-390E-44C9-BAD9-85B7DDADD94B}
		{7CE017D0-1764-4632-AF66-48A8CB50872F} = {EDF944EC-CF67-4582-B19C-E0E707466CE5}
		{D799FF97-727F-4118-9A7E-2F2DED1E657C} = {EDF944EC-CF67-4582-B19C-E0E707466CE5}
		{963EEFC1-1D4A-4FCB-AC8B-ECEF5667A74B} = {EDF944EC-CF67-4582-B19C-E0E707466CE5}
		{B6F244D1-07B9-4B5B-B01D-D303F6112DE9} = {16460186-83A9-495F-8E9E-43E96138010F}
		{177FF80B-B1E1-470E-AC26-5239D5F8F111} = {16460186-83A9-495F-8E9E-43E96138010F}
		{6C67C8D4-5F0F-424D-BD85-A5919302BC78} = {16460186-83A9-495F-8E9E-43E96138010F}
	EndGlobalSection
	GlobalSection(ExtensibilityGlobals) = postSolution
		SolutionGuid = {764B465A-6930-4AE5-9113-7F14D29AA45B}
	EndGlobalSection
EndGlobal
